
Microsoft Visual Studio Solution File, Format Version 12.00
# Visual Studio Version 17
VisualStudioVersion = 17.0.31903.59
MinimumVisualStudioVersion = 10.0.40219.1
Project("{FAE04EC0-301F-11D3-BF4B-00C04F79EFBC}") = "Uzbekistan Social Fund", "Uzbekistan Social Fund.csproj", "{B75E5066-DE1A-4FC6-BAEE-09BCEF543AE9}"
EndProject
Global
	GlobalSection(SolutionConfigurationPlatforms) = preSolution
		Debug|Any CPU = Debug|Any CPU
		Release|Any CPU = Release|Any CPU
	EndGlobalSection
	GlobalSection(ProjectConfigurationPlatforms) = postSolution
		{B75E5066-DE1A-4FC6-BAEE-09BCEF543AE9}.Debug|Any CPU.ActiveCfg = Debug|Any CPU
		{B75E5066-DE1A-4FC6-BAEE-09BCEF543AE9}.Debug|Any CPU.Build.0 = Debug|Any CPU
		{B75E5066-DE1A-4FC6-BAEE-09BCEF543AE9}.Release|Any CPU.ActiveCfg = Release|Any CPU
		{B75E5066-DE1A-4FC6-BAEE-09BCEF543AE9}.Release|Any CPU.Build.0 = Release|Any CPU
	EndGlobalSection
	GlobalSection(SolutionProperties) = preSolution
		HideSolutionNode = FALSE
	EndGlobalSection
	GlobalSection(ExtensibilityGlobals) = postSolution
		SolutionGuid = {38CC6381-9F4C-44C6-AE1F-BCBAE5A0FF27}
	EndGlobalSection
EndGlobal
